
Microsoft Visual Studio Solution File, Format Version 12.00
# Visual Studio Version 17
VisualStudioVersion = 17.8.34004.107
MinimumVisualStudioVersion = 10.0.40219.1
Project("{2150E333-8FDC-42A3-9474-1A3956D46DE8}") = "Services", "Services", "{06CE539D-BF12-473C-9CA8-C17AA1DD46F4}"
EndProject
Project("{2150E333-8FDC-42A3-9474-1A3956D46DE8}") = "Catalog", "Catalog", "{84332D51-9728-457E-A1D9-F4E6EEAB1947}"
EndProject
Project("{9A19103F-16F7-4668-BE54-9A1E7A4F7556}") = "FreeCourse.Services.Catalog", "Services\Catalog\FreeCourse.Services.Catalog\FreeCourse.Services.Catalog.csproj", "{3FCADFE2-B08B-4A62-AA01-B568374AE8DD}"
EndProject
Project("{2150E333-8FDC-42A3-9474-1A3956D46DE8}") = "Solution Items", "Solution Items", "{320487DD-46E6-4E91-9A76-C42DBBDA7F26}"
	ProjectSection(SolutionItems) = preProject
		Ports.txt = Ports.txt
	EndProjectSection
EndProject
Project("{2150E333-8FDC-42A3-9474-1A3956D46DE8}") = "Shared", "Shared", "{06D21431-6D07-4B7F-ABF5-DD578F47A9BF}"
EndProject
Project("{9A19103F-16F7-4668-BE54-9A1E7A4F7556}") = "FreeCourse.Shared", "Shared\FreeCourse.Shared\FreeCourse.Shared.csproj", "{BB6C22AC-8DDD-4273-A15C-CFF48882917E}"
EndProject
Project("{2150E333-8FDC-42A3-9474-1A3956D46DE8}") = "IdentityServer", "IdentityServer", "{095DC7DB-42CD-4389-B526-7DBA1609C2CA}"
EndProject
Project("{9A19103F-16F7-4668-BE54-9A1E7A4F7556}") = "FreeCourse.IdentityServer", "IdentityServer\FreeCourse.IdentityServer\FreeCourse.IdentityServer.csproj", "{C8088B58-4D8D-4C1D-9BED-4F04B51D5E4F}"
EndProject
Project("{2150E333-8FDC-42A3-9474-1A3956D46DE8}") = "PhotoStock", "PhotoStock", "{E6856436-7A3B-4F70-B190-A9CB0B2016BA}"
EndProject
Project("{9A19103F-16F7-4668-BE54-9A1E7A4F7556}") = "FreeCourse.Services.PhotoStock", "Services\PhotoStock\FreeCourse.Services.PhotoStock\FreeCourse.Services.PhotoStock.csproj", "{878F9C3B-7C31-491C-B28B-0DF4DB246805}"
EndProject
Project("{2150E333-8FDC-42A3-9474-1A3956D46DE8}") = "Basket", "Basket", "{CC1C3948-FBD8-4BEF-BD80-F37798C61DCE}"
EndProject
Project("{FAE04EC0-301F-11D3-BF4B-00C04F79EFBC}") = "FreeCourse.Services.Basket", "Services\Basket\FreeCourse.Services.Basket\FreeCourse.Services.Basket.csproj", "{B2BC8270-80F3-4797-BEEE-EDBB4CD2B149}"
EndProject
Global
	GlobalSection(SolutionConfigurationPlatforms) = preSolution
		Debug|Any CPU = Debug|Any CPU
		Release|Any CPU = Release|Any CPU
	EndGlobalSection
	GlobalSection(ProjectConfigurationPlatforms) = postSolution
		{3FCADFE2-B08B-4A62-AA01-B568374AE8DD}.Debug|Any CPU.ActiveCfg = Debug|Any CPU
		{3FCADFE2-B08B-4A62-AA01-B568374AE8DD}.Debug|Any CPU.Build.0 = Debug|Any CPU
		{3FCADFE2-B08B-4A62-AA01-B568374AE8DD}.Release|Any CPU.ActiveCfg = Release|Any CPU
		{3FCADFE2-B08B-4A62-AA01-B568374AE8DD}.Release|Any CPU.Build.0 = Release|Any CPU
		{BB6C22AC-8DDD-4273-A15C-CFF48882917E}.Debug|Any CPU.ActiveCfg = Debug|Any CPU
		{BB6C22AC-8DDD-4273-A15C-CFF48882917E}.Debug|Any CPU.Build.0 = Debug|Any CPU
		{BB6C22AC-8DDD-4273-A15C-CFF48882917E}.Release|Any CPU.ActiveCfg = Release|Any CPU
		{BB6C22AC-8DDD-4273-A15C-CFF48882917E}.Release|Any CPU.Build.0 = Release|Any CPU
		{C8088B58-4D8D-4C1D-9BED-4F04B51D5E4F}.Debug|Any CPU.ActiveCfg = Debug|Any CPU
		{C8088B58-4D8D-4C1D-9BED-4F04B51D5E4F}.Debug|Any CPU.Build.0 = Debug|Any CPU
		{C8088B58-4D8D-4C1D-9BED-4F04B51D5E4F}.Release|Any CPU.ActiveCfg = Release|Any CPU
		{C8088B58-4D8D-4C1D-9BED-4F04B51D5E4F}.Release|Any CPU.Build.0 = Release|Any CPU
		{878F9C3B-7C31-491C-B28B-0DF4DB246805}.Debug|Any CPU.ActiveCfg = Debug|Any CPU
		{878F9C3B-7C31-491C-B28B-0DF4DB246805}.Debug|Any CPU.Build.0 = Debug|Any CPU
		{878F9C3B-7C31-491C-B28B-0DF4DB246805}.Release|Any CPU.ActiveCfg = Release|Any CPU
		{878F9C3B-7C31-491C-B28B-0DF4DB246805}.Release|Any CPU.Build.0 = Release|Any CPU
		{B2BC8270-80F3-4797-BEEE-EDBB4CD2B149}.Debug|Any CPU.ActiveCfg = Debug|Any CPU
		{B2BC8270-80F3-4797-BEEE-EDBB4CD2B149}.Debug|Any CPU.Build.0 = Debug|Any CPU
		{B2BC8270-80F3-4797-BEEE-EDBB4CD2B149}.Release|Any CPU.ActiveCfg = Release|Any CPU
		{B2BC8270-80F3-4797-BEEE-EDBB4CD2B149}.Release|Any CPU.Build.0 = Release|Any CPU
	EndGlobalSection
	GlobalSection(SolutionProperties) = preSolution
		HideSolutionNode = FALSE
	EndGlobalSection
	GlobalSection(NestedProjects) = preSolution
		{84332D51-9728-457E-A1D9-F4E6EEAB1947} = {06CE539D-BF12-473C-9CA8-C17AA1DD46F4}
		{3FCADFE2-B08B-4A62-AA01-B568374AE8DD} = {84332D51-9728-457E-A1D9-F4E6EEAB1947}
		{BB6C22AC-8DDD-4273-A15C-CFF48882917E} = {06D21431-6D07-4B7F-ABF5-DD578F47A9BF}
		{C8088B58-4D8D-4C1D-9BED-4F04B51D5E4F} = {095DC7DB-42CD-4389-B526-7DBA1609C2CA}
		{E6856436-7A3B-4F70-B190-A9CB0B2016BA} = {06CE539D-BF12-473C-9CA8-C17AA1DD46F4}
		{878F9C3B-7C31-491C-B28B-0DF4DB246805} = {E6856436-7A3B-4F70-B190-A9CB0B2016BA}
		{CC1C3948-FBD8-4BEF-BD80-F37798C61DCE} = {06CE539D-BF12-473C-9CA8-C17AA1DD46F4}
		{B2BC8270-80F3-4797-BEEE-EDBB4CD2B149} = {CC1C3948-FBD8-4BEF-BD80-F37798C61DCE}
	EndGlobalSection
	GlobalSection(ExtensibilityGlobals) = postSolution
		SolutionGuid = {8E00B7DA-106A-4AF6-A1DB-419582827B91}
	EndGlobalSection
EndGlobal
